
Microsoft Visual Studio Solution File, Format Version 12.00
# Visual Studio 15
VisualStudioVersion = 15.0.27703.1
MinimumVisualStudioVersion = 10.0.40219.1
Project("{FAE04EC0-301F-11D3-BF4B-00C04F79EFBC}") = "Chpr", "Chpr\Chpr.csproj", "{B1EE777E-E849-483C-BF64-29C7E4E3A18F}"
EndProject
Project("{9A19103F-16F7-4668-BE54-9A1E7A4F7556}") = "Chpr.DataLayer", "Chpr.DataLayer\Chpr.DataLayer.csproj", "{47EDFA32-799A-4AC6-A81C-9E479C07A5E4}"
EndProject
Global
	GlobalSection(SolutionConfigurationPlatforms) = preSolution
		Debug|Any CPU = Debug|Any CPU
		Release|Any CPU = Release|Any CPU
	EndGlobalSection
	GlobalSection(ProjectConfigurationPlatforms) = postSolution
		{B1EE777E-E849-483C-BF64-29C7E4E3A18F}.Debug|Any CPU.ActiveCfg = Debug|Any CPU
		{B1EE777E-E849-483C-BF64-29C7E4E3A18F}.Debug|Any CPU.Build.0 = Debug|Any CPU
		{B1EE777E-E849-483C-BF64-29C7E4E3A18F}.Release|Any CPU.ActiveCfg = Release|Any CPU
		{B1EE777E-E849-483C-BF64-29C7E4E3A18F}.Release|Any CPU.Build.0 = Release|Any CPU
		{47EDFA32-799A-4AC6-A81C-9E479C07A5E4}.Debug|Any CPU.ActiveCfg = Debug|Any CPU
		{47EDFA32-799A-4AC6-A81C-9E479C07A5E4}.Debug|Any CPU.Build.0 = Debug|Any CPU
		{47EDFA32-799A-4AC6-A81C-9E479C07A5E4}.Release|Any CPU.ActiveCfg = Release|Any CPU
		{47EDFA32-799A-4AC6-A81C-9E479C07A5E4}.Release|Any CPU.Build.0 = Release|Any CPU
	EndGlobalSection
	GlobalSection(SolutionProperties) = preSolution
		HideSolutionNode = FALSE
	EndGlobalSection
	GlobalSection(ExtensibilityGlobals) = postSolution
		SolutionGuid = {A472C5C6-F871-4EF4-89A0-046E5CD1ECAF}
	EndGlobalSection
EndGlobal
